<Solution>
  <Folder Name="/demo/">
    <Project Path="demo\Demo\Demo.csproj" Type="Classic C#" />
  </Folder>
  <Folder Name="/src/">
    <Project Path="src\TabTip.Avalonia\TabTip.Avalonia.csproj" Type="Classic C#" />
  </Folder>
  <Folder Name="/test/" />
  <Folder Name="/_sln-items/" />
</Solution>